schema: '2.0'
stages:
  data_ingestion:
    cmd: python ./src/plant_disease_classification/pipeline/data_ingestion_pipeline.py
    deps:
    - path: config/config.yaml
      hash: md5
      md5: 8096462891ad009a5c853d6c08afd5d9
      size: 825
    - path: params.yaml
      hash: md5
      md5: 422c686ca5be8bffd04920bcdf47f8ca
      size: 138
    outs:
    - path: artifacts/data_ingestion/data
      hash: md5
      md5: 5b4dd28b94a5d733bbd241365499dd46.dir
      size: 1066917850
      nfiles: 2950
  base_model_preparation:
    cmd: python ./src/plant_disease_classification/pipeline/data_preparebasemodel_pipeline.py
    deps:
    - path: artifacts/data_ingestion/data
      hash: md5
      md5: 5b4dd28b94a5d733bbd241365499dd46.dir
      size: 1066917850
      nfiles: 2950
    - path: config/config.yaml
      hash: md5
      md5: 8096462891ad009a5c853d6c08afd5d9
      size: 825
    - path: params.yaml
      hash: md5
      md5: 422c686ca5be8bffd04920bcdf47f8ca
      size: 138
