schema: '2.0'
stages:
  data_ingestion:
    cmd: python ./src/plant_disease_classification/pipeline/data_ingestion_pipeline.py
    deps:
    - path: config/config.yaml
      hash: md5
      md5: 8096462891ad009a5c853d6c08afd5d9
      size: 825
    - path: params.yaml
      hash: md5
      md5: a2641b94b34dab7f9b9039f668f01034
      size: 138
    outs:
    - path: artifacts/data_ingestion/data
      hash: md5
      md5: 5b4dd28b94a5d733bbd241365499dd46.dir
      size: 1066917850
      nfiles: 2950
  base_model_preparation:
    cmd: python ./src/plant_disease_classification/pipeline/data_preparebasemodel_pipeline.py
    deps:
    - path: artifacts/data_ingestion/data
      hash: md5
      md5: 5b4dd28b94a5d733bbd241365499dd46.dir
      size: 1066917850
      nfiles: 2950
    - path: config/config.yaml
      hash: md5
      md5: 8096462891ad009a5c853d6c08afd5d9
      size: 825
    - path: params.yaml
      hash: md5
      md5: a2641b94b34dab7f9b9039f668f01034
      size: 138
  training_base_model:
    cmd: python ./src/plant_disease_classification/pipeline/model_training_pipeline.py
    deps:
    - path: config/config.yaml
      hash: md5
      md5: 8096462891ad009a5c853d6c08afd5d9
      size: 825
    - path: params.yaml
      hash: md5
      md5: 2abecd65206a9793afecfd348f45dfb1
      size: 137
  evaluation:
    cmd: python src/plant_disease_classification/pipeline/model_evaluation_pipeline.py
    deps:
    - path: artifacts/data_ingestion/data/
      hash: md5
      md5: 5b4dd28b94a5d733bbd241365499dd46.dir
      size: 1066917850
      nfiles: 2950
    - path: artifacts/training/model.h5
      hash: md5
      md5: 05e8184bd3bf713d81877bffc536f16a
      size: 68883960
    - path: config/config.yaml
      hash: md5
      md5: 8096462891ad009a5c853d6c08afd5d9
      size: 825
    - path: src/plant_disease_classification/pipeline/model_evaluation_pipeline.py
      hash: md5
      md5: 71d369ad1623daf365104844e276f0b7
      size: 1063
    params:
      params.yaml:
        BATCH_SIZE: 32
        IMAGE_SIZE:
        - 224
        - 224
        - 3
